
Microsoft Visual Studio Solution File, Format Version 12.00
# Visual Studio 2013
VisualStudioVersion = 12.0.31101.0
MinimumVisualStudioVersion = 10.0.40219.1
Project("{FAE04EC0-301F-11D3-BF4B-00C04F79EFBC}") = "MapClient", "MapClient\MapClient.csproj", "{AAC4BFB8-0894-47BC-AB10-54EC33BCDBF8}"
	ProjectSection(ProjectDependencies) = postProject
		{2B10BFE6-FC40-4CD8-9EC9-EB0F35D522CE} = {2B10BFE6-FC40-4CD8-9EC9-EB0F35D522CE}
	EndProjectSection
EndProject
Project("{FAE04EC0-301F-11D3-BF4B-00C04F79EFBC}") = "MapWorkers", "MapWorker\MapWorkers.csproj", "{3E97C104-8D75-4020-A13A-F0453C741DC4}"
	ProjectSection(ProjectDependencies) = postProject
		{2B10BFE6-FC40-4CD8-9EC9-EB0F35D522CE} = {2B10BFE6-FC40-4CD8-9EC9-EB0F35D522CE}
	EndProjectSection
EndProject
Project("{FAE04EC0-301F-11D3-BF4B-00C04F79EFBC}") = "PADIMapNoReduce", "MapRemotingInterfaces\PADIMapNoReduce.csproj", "{2B10BFE6-FC40-4CD8-9EC9-EB0F35D522CE}"
EndProject
Project("{FAE04EC0-301F-11D3-BF4B-00C04F79EFBC}") = "LibMapper", "LibMapper\LibMapper.csproj", "{BACAA179-3F58-449F-97FE-9B26815546E7}"
EndProject
Project("{FAE04EC0-301F-11D3-BF4B-00C04F79EFBC}") = "PuppetMaster", "PuppetMaster\PuppetMaster.csproj", "{78C93242-85CF-400D-82A7-18D168C0BA7F}"
EndProject
Project("{FAE04EC0-301F-11D3-BF4B-00C04F79EFBC}") = "LibPADIMapNoReduce", "LibPADIMapNoReduce\LibPADIMapNoReduce.csproj", "{2D129022-0922-40C3-9987-17789E3A225F}"
EndProject
Global
	GlobalSection(SolutionConfigurationPlatforms) = preSolution
		Debug|Any CPU = Debug|Any CPU
		Release|Any CPU = Release|Any CPU
	EndGlobalSection
	GlobalSection(ProjectConfigurationPlatforms) = postSolution
		{AAC4BFB8-0894-47BC-AB10-54EC33BCDBF8}.Debug|Any CPU.ActiveCfg = Debug|Any CPU
		{AAC4BFB8-0894-47BC-AB10-54EC33BCDBF8}.Debug|Any CPU.Build.0 = Debug|Any CPU
		{AAC4BFB8-0894-47BC-AB10-54EC33BCDBF8}.Release|Any CPU.ActiveCfg = Release|Any CPU
		{AAC4BFB8-0894-47BC-AB10-54EC33BCDBF8}.Release|Any CPU.Build.0 = Release|Any CPU
		{3E97C104-8D75-4020-A13A-F0453C741DC4}.Debug|Any CPU.ActiveCfg = Debug|Any CPU
		{3E97C104-8D75-4020-A13A-F0453C741DC4}.Debug|Any CPU.Build.0 = Debug|Any CPU
		{3E97C104-8D75-4020-A13A-F0453C741DC4}.Release|Any CPU.ActiveCfg = Release|Any CPU
		{3E97C104-8D75-4020-A13A-F0453C741DC4}.Release|Any CPU.Build.0 = Release|Any CPU
		{2B10BFE6-FC40-4CD8-9EC9-EB0F35D522CE}.Debug|Any CPU.ActiveCfg = Debug|Any CPU
		{2B10BFE6-FC40-4CD8-9EC9-EB0F35D522CE}.Debug|Any CPU.Build.0 = Debug|Any CPU
		{2B10BFE6-FC40-4CD8-9EC9-EB0F35D522CE}.Release|Any CPU.ActiveCfg = Release|Any CPU
		{2B10BFE6-FC40-4CD8-9EC9-EB0F35D522CE}.Release|Any CPU.Build.0 = Release|Any CPU
		{BACAA179-3F58-449F-97FE-9B26815546E7}.Debug|Any CPU.ActiveCfg = Debug|Any CPU
		{BACAA179-3F58-449F-97FE-9B26815546E7}.Debug|Any CPU.Build.0 = Debug|Any CPU
		{BACAA179-3F58-449F-97FE-9B26815546E7}.Release|Any CPU.ActiveCfg = Release|Any CPU
		{BACAA179-3F58-449F-97FE-9B26815546E7}.Release|Any CPU.Build.0 = Release|Any CPU
		{78C93242-85CF-400D-82A7-18D168C0BA7F}.Debug|Any CPU.ActiveCfg = Debug|Any CPU
		{78C93242-85CF-400D-82A7-18D168C0BA7F}.Debug|Any CPU.Build.0 = Debug|Any CPU
		{78C93242-85CF-400D-82A7-18D168C0BA7F}.Release|Any CPU.ActiveCfg = Release|Any CPU
		{78C93242-85CF-400D-82A7-18D168C0BA7F}.Release|Any CPU.Build.0 = Release|Any CPU
		{2D129022-0922-40C3-9987-17789E3A225F}.Debug|Any CPU.ActiveCfg = Debug|Any CPU
		{2D129022-0922-40C3-9987-17789E3A225F}.Debug|Any CPU.Build.0 = Debug|Any CPU
		{2D129022-0922-40C3-9987-17789E3A225F}.Release|Any CPU.ActiveCfg = Release|Any CPU
		{2D129022-0922-40C3-9987-17789E3A225F}.Release|Any CPU.Build.0 = Release|Any CPU
	EndGlobalSection
	GlobalSection(SolutionProperties) = preSolution
		HideSolutionNode = FALSE
	EndGlobalSection
EndGlobal
